github.com/ayes-web/testingassert v0.1.2 h1:CgMssjc8ipryOvoeeTn9u76huRJ5J8Wb6eso/Tox/Aw=
github.com/ayes-web/testingassert v0.1.2/go.mod h1:TOBlVY3iWXE7BHe2I/ocpmtXz7Z5JEGmqaqT9PsZ8js=
github.com/goccy/go-json v0.10.2 h1:CrxCmQqYDkv1z7lO7Wbh2HN93uovUHgrECaO5ZrCXAU=
github.com/goccy/go-json v0.10.2/go.mod h1:6MelG93GURQebXPDq3khkgXZkazVtN9CRI+MGFi0w8I=
